// !$*UTF8*$!
{
	archiveVersion = 1;
	classes = {
	};
	objectVersion = 48;
	objects = {

/* Begin PBXBuildFile section */
		6514422C2077E2EF0044A55C /* ABImageProcessor.swift in Sources */ = {isa = PBXBuildFile; fileRef = 6514422B2077E2EF0044A55C /* ABImageProcessor.swift */; };
		6514422E2077EA9F0044A55C /* ABImageCaptureViewController.swift in Sources */ = {isa = PBXBuildFile; fileRef = 6514422D2077EA9F0044A55C /* ABImageCaptureViewController.swift */; };
		65144231207AF9910044A55C /* UIImage+AB.swift in Sources */ = {isa = PBXBuildFile; fileRef = 65144230207AF9910044A55C /* UIImage+AB.swift */; };
		65144233207BD5FF0044A55C /* ABRootNavigationController.swift in Sources */ = {isa = PBXBuildFile; fileRef = 65144232207BD5FF0044A55C /* ABRootNavigationController.swift */; };
		65144235207BD6950044A55C /* UIViewController+AB.swift in Sources */ = {isa = PBXBuildFile; fileRef = 65144234207BD6950044A55C /* UIViewController+AB.swift */; };
		65144238207BD9E00044A55C /* Albatross.swift in Sources */ = {isa = PBXBuildFile; fileRef = 65144237207BD9E00044A55C /* Albatross.swift */; };
		65398C11207D3A2700CAA83F /* Secrets.swift in Sources */ = {isa = PBXBuildFile; fileRef = 65398C10207D3A2700CAA83F /* Secrets.swift */; };
		65398C14207D579600CAA83F /* ABGoogleVision.swift in Sources */ = {isa = PBXBuildFile; fileRef = 65398C13207D579600CAA83F /* ABGoogleVision.swift */; };
		65706257207046FB005DA950 /* AppDelegate.swift in Sources */ = {isa = PBXBuildFile; fileRef = 65706256207046FB005DA950 /* AppDelegate.swift */; };
		65706259207046FB005DA950 /* ABCameraViewController.swift in Sources */ = {isa = PBXBuildFile; fileRef = 65706258207046FB005DA950 /* ABCameraViewController.swift */; };
		6570625C207046FB005DA950 /* Main.storyboard in Resources */ = {isa = PBXBuildFile; fileRef = 6570625A207046FB005DA950 /* Main.storyboard */; };
		6570625F207046FB005DA950 /* Albatross.xcdatamodeld in Sources */ = {isa = PBXBuildFile; fileRef = 6570625D207046FB005DA950 /* Albatross.xcdatamodeld */; };
		65706261207046FB005DA950 /* Assets.xcassets in Resources */ = {isa = PBXBuildFile; fileRef = 65706260207046FB005DA950 /* Assets.xcassets */; };
		65706264207046FB005DA950 /* LaunchScreen.storyboard in Resources */ = {isa = PBXBuildFile; fileRef = 65706262207046FB005DA950 /* LaunchScreen.storyboard */; };
		6570626F207046FB005DA950 /* AlbatrossTests.swift in Sources */ = {isa = PBXBuildFile; fileRef = 6570626E207046FB005DA950 /* AlbatrossTests.swift */; };
		6570627A207046FC005DA950 /* AlbatrossUITests.swift in Sources */ = {isa = PBXBuildFile; fileRef = 65706279207046FC005DA950 /* AlbatrossUITests.swift */; };
		7181024A8F8C5F482C2CA717 /* Pods_AlbatrossTests.framework in Frameworks */ = {isa = PBXBuildFile; fileRef = D9902767A919D86F81002C5B /* Pods_AlbatrossTests.framework */; };
		8B560BC873D3C4176253B6C4 /* Pods_Albatross.framework in Frameworks */ = {isa = PBXBuildFile; fileRef = CE2A16F2B813EF956B374D66 /* Pods_Albatross.framework */; };
		E512D97FFC72E9CA152AFC3F /* Pods_AlbatrossUITests.framework in Frameworks */ = {isa = PBXBuildFile; fileRef = 776836E53B418E2002B9947E /* Pods_AlbatrossUITests.framework */; };
/* End PBXBuildFile section */

/* Begin PBXContainerItemProxy section */
		6570626B207046FB005DA950 /* PBXContainerItemProxy */ = {
			isa = PBXContainerItemProxy;
			containerPortal = 6570624B207046FB005DA950 /* Project object */;
			proxyType = 1;
			remoteGlobalIDString = 65706252207046FB005DA950;
			remoteInfo = Albatross;
		};
		65706276207046FC005DA950 /* PBXContainerItemProxy */ = {
			isa = PBXContainerItemProxy;
			containerPortal = 6570624B207046FB005DA950 /* Project object */;
			proxyType = 1;
			remoteGlobalIDString = 65706252207046FB005DA950;
			remoteInfo = Albatross;
		};
/* End PBXContainerItemProxy section */

/* Begin PBXFileReference section */
		22AC4DCBB707E8D3DEAA1FA0 /* Pods-Albatross.debug.xcconfig */ = {isa = PBXFileReference; includeInIndex = 1; lastKnownFileType = text.xcconfig; name = "Pods-Albatross.debug.xcconfig"; path = "Pods/Target Support Files/Pods-Albatross/Pods-Albatross.debug.xcconfig"; sourceTree = "<group>"; };
		6514422B2077E2EF0044A55C /* ABImageProcessor.swift */ = {isa = PBXFileReference; lastKnownFileType = sourcecode.swift; path = ABImageProcessor.swift; sourceTree = "<group>"; };
		6514422D2077EA9F0044A55C /* ABImageCaptureViewController.swift */ = {isa = PBXFileReference; lastKnownFileType = sourcecode.swift; path = ABImageCaptureViewController.swift; sourceTree = "<group>"; };
		65144230207AF9910044A55C /* UIImage+AB.swift */ = {isa = PBXFileReference; lastKnownFileType = sourcecode.swift; path = "UIImage+AB.swift"; sourceTree = "<group>"; };
		65144232207BD5FF0044A55C /* ABRootNavigationController.swift */ = {isa = PBXFileReference; lastKnownFileType = sourcecode.swift; path = ABRootNavigationController.swift; sourceTree = "<group>"; };
		65144234207BD6950044A55C /* UIViewController+AB.swift */ = {isa = PBXFileReference; lastKnownFileType = sourcecode.swift; path = "UIViewController+AB.swift"; sourceTree = "<group>"; };
		65144237207BD9E00044A55C /* Albatross.swift */ = {isa = PBXFileReference; lastKnownFileType = sourcecode.swift; path = Albatross.swift; sourceTree = "<group>"; };
		65398C10207D3A2700CAA83F /* Secrets.swift */ = {isa = PBXFileReference; fileEncoding = 4; lastKnownFileType = sourcecode.swift; path = Secrets.swift; sourceTree = "<group>"; };
		65398C13207D579600CAA83F /* ABGoogleVision.swift */ = {isa = PBXFileReference; lastKnownFileType = sourcecode.swift; path = ABGoogleVision.swift; sourceTree = "<group>"; };
		65706253207046FB005DA950 /* Albatross.app */ = {isa = PBXFileReference; explicitFileType = wrapper.application; includeInIndex = 0; path = Albatross.app; sourceTree = BUILT_PRODUCTS_DIR; };
		65706256207046FB005DA950 /* AppDelegate.swift */ = {isa = PBXFileReference; lastKnownFileType = sourcecode.swift; path = AppDelegate.swift; sourceTree = "<group>"; };
		65706258207046FB005DA950 /* ABCameraViewController.swift */ = {isa = PBXFileReference; lastKnownFileType = sourcecode.swift; path = ABCameraViewController.swift; sourceTree = "<group>"; };
		6570625B207046FB005DA950 /* Base */ = {isa = PBXFileReference; lastKnownFileType = file.storyboard; name = Base; path = Base.lproj/Main.storyboard; sourceTree = "<group>"; };
		6570625E207046FB005DA950 /* Albatross.xcdatamodel */ = {isa = PBXFileReference; lastKnownFileType = wrapper.xcdatamodel; path = Albatross.xcdatamodel; sourceTree = "<group>"; };
		65706260207046FB005DA950 /* Assets.xcassets */ = {isa = PBXFileReference; lastKnownFileType = folder.assetcatalog; path = Assets.xcassets; sourceTree = "<group>"; };
		65706263207046FB005DA950 /* Base */ = {isa = PBXFileReference; lastKnownFileType = file.storyboard; name = Base; path = Base.lproj/LaunchScreen.storyboard; sourceTree = "<group>"; };
		65706265207046FB005DA950 /* Info.plist */ = {isa = PBXFileReference; lastKnownFileType = text.plist.xml; path = Info.plist; sourceTree = "<group>"; };
		6570626A207046FB005DA950 /* AlbatrossTests.xctest */ = {isa = PBXFileReference; explicitFileType = wrapper.cfbundle; includeInIndex = 0; path = AlbatrossTests.xctest; sourceTree = BUILT_PRODUCTS_DIR; };
		6570626E207046FB005DA950 /* AlbatrossTests.swift */ = {isa = PBXFileReference; lastKnownFileType = sourcecode.swift; path = AlbatrossTests.swift; sourceTree = "<group>"; };
		65706270207046FC005DA950 /* Info.plist */ = {isa = PBXFileReference; lastKnownFileType = text.plist.xml; path = Info.plist; sourceTree = "<group>"; };
		65706275207046FC005DA950 /* AlbatrossUITests.xctest */ = {isa = PBXFileReference; explicitFileType = wrapper.cfbundle; includeInIndex = 0; path = AlbatrossUITests.xctest; sourceTree = BUILT_PRODUCTS_DIR; };
		65706279207046FC005DA950 /* AlbatrossUITests.swift */ = {isa = PBXFileReference; lastKnownFileType = sourcecode.swift; path = AlbatrossUITests.swift; sourceTree = "<group>"; };
		6570627B207046FC005DA950 /* Info.plist */ = {isa = PBXFileReference; lastKnownFileType = text.plist.xml; path = Info.plist; sourceTree = "<group>"; };
		776836E53B418E2002B9947E /* Pods_AlbatrossUITests.framework */ = {isa = PBXFileReference; explicitFileType = wrapper.framework; includeInIndex = 0; path = Pods_AlbatrossUITests.framework; sourceTree = BUILT_PRODUCTS_DIR; };
		8789AE619D9668B4F8C69D8C /* Pods-AlbatrossUITests.debug.xcconfig */ = {isa = PBXFileReference; includeInIndex = 1; lastKnownFileType = text.xcconfig; name = "Pods-AlbatrossUITests.debug.xcconfig"; path = "Pods/Target Support Files/Pods-AlbatrossUITests/Pods-AlbatrossUITests.debug.xcconfig"; sourceTree = "<group>"; };
		90C81263FC1EFBB91DCD2C21 /* Pods-AlbatrossUITests.release.xcconfig */ = {isa = PBXFileReference; includeInIndex = 1; lastKnownFileType = text.xcconfig; name = "Pods-AlbatrossUITests.release.xcconfig"; path = "Pods/Target Support Files/Pods-AlbatrossUITests/Pods-AlbatrossUITests.release.xcconfig"; sourceTree = "<group>"; };
		99EC3C9FD674363CD6D28329 /* Pods-AlbatrossTests.release.xcconfig */ = {isa = PBXFileReference; includeInIndex = 1; lastKnownFileType = text.xcconfig; name = "Pods-AlbatrossTests.release.xcconfig"; path = "Pods/Target Support Files/Pods-AlbatrossTests/Pods-AlbatrossTests.release.xcconfig"; sourceTree = "<group>"; };
		CE2A16F2B813EF956B374D66 /* Pods_Albatross.framework */ = {isa = PBXFileReference; explicitFileType = wrapper.framework; includeInIndex = 0; path = Pods_Albatross.framework; sourceTree = BUILT_PRODUCTS_DIR; };
		D9902767A919D86F81002C5B /* Pods_AlbatrossTests.framework */ = {isa = PBXFileReference; explicitFileType = wrapper.framework; includeInIndex = 0; path = Pods_AlbatrossTests.framework; sourceTree = BUILT_PRODUCTS_DIR; };
		DCA00515043BBEEDEBDA649E /* Pods-Albatross.release.xcconfig */ = {isa = PBXFileReference; includeInIndex = 1; lastKnownFileType = text.xcconfig; name = "Pods-Albatross.release.xcconfig"; path = "Pods/Target Support Files/Pods-Albatross/Pods-Albatross.release.xcconfig"; sourceTree = "<group>"; };
		E275AFDA402C491C9CCD9A84 /* Pods-AlbatrossTests.debug.xcconfig */ = {isa = PBXFileReference; includeInIndex = 1; lastKnownFileType = text.xcconfig; name = "Pods-AlbatrossTests.debug.xcconfig"; path = "Pods/Target Support Files/Pods-AlbatrossTests/Pods-AlbatrossTests.debug.xcconfig"; sourceTree = "<group>"; };
/* End PBXFileReference section */

/* Begin PBXFrameworksBuildPhase section */
		65706250207046FB005DA950 /* Frameworks */ = {
			isa = PBXFrameworksBuildPhase;
			buildActionMask = 2147483647;
			files = (
				8B560BC873D3C4176253B6C4 /* Pods_Albatross.framework in Frameworks */,
			);
			runOnlyForDeploymentPostprocessing = 0;
		};
		65706267207046FB005DA950 /* Frameworks */ = {
			isa = PBXFrameworksBuildPhase;
			buildActionMask = 2147483647;
			files = (
				7181024A8F8C5F482C2CA717 /* Pods_AlbatrossTests.framework in Frameworks */,
			);
			runOnlyForDeploymentPostprocessing = 0;
		};
		65706272207046FC005DA950 /* Frameworks */ = {
			isa = PBXFrameworksBuildPhase;
			buildActionMask = 2147483647;
			files = (
				E512D97FFC72E9CA152AFC3F /* Pods_AlbatrossUITests.framework in Frameworks */,
			);
			runOnlyForDeploymentPostprocessing = 0;
		};
/* End PBXFrameworksBuildPhase section */

/* Begin PBXGroup section */
		3083D2789562AD20D475299F /* Frameworks */ = {
			isa = PBXGroup;
			children = (
				CE2A16F2B813EF956B374D66 /* Pods_Albatross.framework */,
				D9902767A919D86F81002C5B /* Pods_AlbatrossTests.framework */,
				776836E53B418E2002B9947E /* Pods_AlbatrossUITests.framework */,
			);
			name = Frameworks;
			sourceTree = "<group>";
		};
		6514422A2077E2190044A55C /* Helper */ = {
			isa = PBXGroup;
			children = (
				6514422B2077E2EF0044A55C /* ABImageProcessor.swift */,
			);
			path = Helper;
			sourceTree = "<group>";
		};
		6514422F207AF97F0044A55C /* Extension */ = {
			isa = PBXGroup;
			children = (
				65144230207AF9910044A55C /* UIImage+AB.swift */,
				65144234207BD6950044A55C /* UIViewController+AB.swift */,
			);
			path = Extension;
			sourceTree = "<group>";
		};
		65144236207BD9D70044A55C /* Global */ = {
			isa = PBXGroup;
			children = (
				65144237207BD9E00044A55C /* Albatross.swift */,
			);
			path = Global;
			sourceTree = "<group>";
		};
		65398C12207D577C00CAA83F /* Network */ = {
			isa = PBXGroup;
			children = (
				65398C13207D579600CAA83F /* ABGoogleVision.swift */,
			);
			path = Network;
			sourceTree = "<group>";
		};
		6570624A207046FB005DA950 = {
			isa = PBXGroup;
			children = (
				65706255207046FB005DA950 /* Albatross */,
				6570626D207046FB005DA950 /* AlbatrossTests */,
				65706278207046FC005DA950 /* AlbatrossUITests */,
				65706254207046FB005DA950 /* Products */,
				8895A5ACA164575429F0B049 /* Pods */,
				3083D2789562AD20D475299F /* Frameworks */,
			);
			sourceTree = "<group>";
		};
		65706254207046FB005DA950 /* Products */ = {
			isa = PBXGroup;
			children = (
				65706253207046FB005DA950 /* Albatross.app */,
				6570626A207046FB005DA950 /* AlbatrossTests.xctest */,
				65706275207046FC005DA950 /* AlbatrossUITests.xctest */,
			);
			name = Products;
			sourceTree = "<group>";
		};
		65706255207046FB005DA950 /* Albatross */ = {
			isa = PBXGroup;
			children = (
				65398C12207D577C00CAA83F /* Network */,
				65398C10207D3A2700CAA83F /* Secrets.swift */,
				65144236207BD9D70044A55C /* Global */,
				6514422F207AF97F0044A55C /* Extension */,
				6514422A2077E2190044A55C /* Helper */,
				65706256207046FB005DA950 /* AppDelegate.swift */,
				6570625A207046FB005DA950 /* Main.storyboard */,
				65BD685520708AE200632FFD /* Interface */,
				65BD685620708CE900632FFD /* Resources */,
				65706260207046FB005DA950 /* Assets.xcassets */,
			);
			path = Albatross;
			sourceTree = "<group>";
		};
		6570626D207046FB005DA950 /* AlbatrossTests */ = {
			isa = PBXGroup;
			children = (
				6570626E207046FB005DA950 /* AlbatrossTests.swift */,
				65706270207046FC005DA950 /* Info.plist */,
			);
			path = AlbatrossTests;
			sourceTree = "<group>";
		};
		65706278207046FC005DA950 /* AlbatrossUITests */ = {
			isa = PBXGroup;
			children = (
				65706279207046FC005DA950 /* AlbatrossUITests.swift */,
				6570627B207046FC005DA950 /* Info.plist */,
			);
			path = AlbatrossUITests;
			sourceTree = "<group>";
		};
		65BD685520708AE200632FFD /* Interface */ = {
			isa = PBXGroup;
			children = (
				65706258207046FB005DA950 /* ABCameraViewController.swift */,
				6514422D2077EA9F0044A55C /* ABImageCaptureViewController.swift */,
				65144232207BD5FF0044A55C /* ABRootNavigationController.swift */,
			);
			path = Interface;
			sourceTree = "<group>";
		};
		65BD685620708CE900632FFD /* Resources */ = {
			isa = PBXGroup;
			children = (
				65F6D4EC2073371400F3ED9A /* Images */,
				65706262207046FB005DA950 /* LaunchScreen.storyboard */,
				65706265207046FB005DA950 /* Info.plist */,
				6570625D207046FB005DA950 /* Albatross.xcdatamodeld */,
			);
			path = Resources;
			sourceTree = "<group>";
		};
		65F6D4EC2073371400F3ED9A /* Images */ = {
			isa = PBXGroup;
			children = (
			);
			path = Images;
			sourceTree = "<group>";
		};
		8895A5ACA164575429F0B049 /* Pods */ = {
			isa = PBXGroup;
			children = (
				22AC4DCBB707E8D3DEAA1FA0 /* Pods-Albatross.debug.xcconfig */,
				DCA00515043BBEEDEBDA649E /* Pods-Albatross.release.xcconfig */,
				E275AFDA402C491C9CCD9A84 /* Pods-AlbatrossTests.debug.xcconfig */,
				99EC3C9FD674363CD6D28329 /* Pods-AlbatrossTests.release.xcconfig */,
				8789AE619D9668B4F8C69D8C /* Pods-AlbatrossUITests.debug.xcconfig */,
				90C81263FC1EFBB91DCD2C21 /* Pods-AlbatrossUITests.release.xcconfig */,
			);
			name = Pods;
			sourceTree = "<group>";
		};
/* End PBXGroup section */

/* Begin PBXNativeTarget section */
		65706252207046FB005DA950 /* Albatross */ = {
			isa = PBXNativeTarget;
			buildConfigurationList = 6570627E207046FC005DA950 /* Build configuration list for PBXNativeTarget "Albatross" */;
			buildPhases = (
				D0A0F7A3ACD86B8421F3EA22 /* [CP] Check Pods Manifest.lock */,
				6570624F207046FB005DA950 /* Sources */,
				65706250207046FB005DA950 /* Frameworks */,
				65706251207046FB005DA950 /* Resources */,
				98A5F2233CB123757992C8D7 /* [CP] Embed Pods Frameworks */,
			);
			buildRules = (
			);
			dependencies = (
			);
			name = Albatross;
			productName = Albatross;
			productReference = 65706253207046FB005DA950 /* Albatross.app */;
			productType = "com.apple.product-type.application";
		};
		65706269207046FB005DA950 /* AlbatrossTests */ = {
			isa = PBXNativeTarget;
			buildConfigurationList = 65706281207046FC005DA950 /* Build configuration list for PBXNativeTarget "AlbatrossTests" */;
			buildPhases = (
				297C41B8DB27F15EF55837C3 /* [CP] Check Pods Manifest.lock */,
				65706266207046FB005DA950 /* Sources */,
				65706267207046FB005DA950 /* Frameworks */,
				65706268207046FB005DA950 /* Resources */,
			);
			buildRules = (
			);
			dependencies = (
				6570626C207046FB005DA950 /* PBXTargetDependency */,
			);
			name = AlbatrossTests;
			productName = AlbatrossTests;
			productReference = 6570626A207046FB005DA950 /* AlbatrossTests.xctest */;
			productType = "com.apple.product-type.bundle.unit-test";
		};
		65706274207046FC005DA950 /* AlbatrossUITests */ = {
			isa = PBXNativeTarget;
			buildConfigurationList = 65706284207046FC005DA950 /* Build configuration list for PBXNativeTarget "AlbatrossUITests" */;
			buildPhases = (
				E4C593CDD6AB6323DDD5D341 /* [CP] Check Pods Manifest.lock */,
				65706271207046FC005DA950 /* Sources */,
				65706272207046FC005DA950 /* Frameworks */,
				65706273207046FC005DA950 /* Resources */,
			);
			buildRules = (
			);
			dependencies = (
				65706277207046FC005DA950 /* PBXTargetDependency */,
			);
			name = AlbatrossUITests;
			productName = AlbatrossUITests;
			productReference = 65706275207046FC005DA950 /* AlbatrossUITests.xctest */;
			productType = "com.apple.product-type.bundle.ui-testing";
		};
/* End PBXNativeTarget section */

/* Begin PBXProject section */
		6570624B207046FB005DA950 /* Project object */ = {
			isa = PBXProject;
			attributes = {
				LastSwiftUpdateCheck = 0900;
				LastUpgradeCheck = 0930;
				ORGANIZATIONNAME = Albatross;
				TargetAttributes = {
					65706252207046FB005DA950 = {
						CreatedOnToolsVersion = 9.0.1;
						ProvisioningStyle = Automatic;
					};
					65706269207046FB005DA950 = {
						CreatedOnToolsVersion = 9.0.1;
						ProvisioningStyle = Automatic;
						TestTargetID = 65706252207046FB005DA950;
					};
					65706274207046FC005DA950 = {
						CreatedOnToolsVersion = 9.0.1;
						ProvisioningStyle = Automatic;
						TestTargetID = 65706252207046FB005DA950;
					};
				};
			};
			buildConfigurationList = 6570624E207046FB005DA950 /* Build configuration list for PBXProject "Albatross" */;
			compatibilityVersion = "Xcode 8.0";
			developmentRegion = en;
			hasScannedForEncodings = 0;
			knownRegions = (
				en,
				Base,
			);
			mainGroup = 6570624A207046FB005DA950;
			productRefGroup = 65706254207046FB005DA950 /* Products */;
			projectDirPath = "";
			projectRoot = "";
			targets = (
				65706252207046FB005DA950 /* Albatross */,
				65706269207046FB005DA950 /* AlbatrossTests */,
				65706274207046FC005DA950 /* AlbatrossUITests */,
			);
		};
/* End PBXProject section */

/* Begin PBXResourcesBuildPhase section */
		65706251207046FB005DA950 /* Resources */ = {
			isa = PBXResourcesBuildPhase;
			buildActionMask = 2147483647;
			files = (
				65706264207046FB005DA950 /* LaunchScreen.storyboard in Resources */,
				65706261207046FB005DA950 /* Assets.xcassets in Resources */,
				6570625C207046FB005DA950 /* Main.storyboard in Resources */,
			);
			runOnlyForDeploymentPostprocessing = 0;
		};
		65706268207046FB005DA950 /* Resources */ = {
			isa = PBXResourcesBuildPhase;
			buildActionMask = 2147483647;
			files = (
			);
			runOnlyForDeploymentPostprocessing = 0;
		};
		65706273207046FC005DA950 /* Resources */ = {
			isa = PBXResourcesBuildPhase;
			buildActionMask = 2147483647;
			files = (
			);
			runOnlyForDeploymentPostprocessing = 0;
		};
/* End PBXResourcesBuildPhase section */

/* Begin PBXShellScriptBuildPhase section */
		297C41B8DB27F15EF55837C3 /* [CP] Check Pods Manifest.lock */ = {
			isa = PBXShellScriptBuildPhase;
			buildActionMask = 2147483647;
			files = (
			);
			inputPaths = (
				"${PODS_PODFILE_DIR_PATH}/Podfile.lock",
				"${PODS_ROOT}/Manifest.lock",
			);
			name = "[CP] Check Pods Manifest.lock";
			outputPaths = (
				"$(DERIVED_FILE_DIR)/Pods-AlbatrossTests-checkManifestLockResult.txt",
			);
			runOnlyForDeploymentPostprocessing = 0;
			shellPath = /bin/sh;
			shellScript = "diff \"${PODS_PODFILE_DIR_PATH}/Podfile.lock\" \"${PODS_ROOT}/Manifest.lock\" > /dev/null\nif [ $? != 0 ] ; then\n    # print error to STDERR\n    echo \"error: The sandbox is not in sync with the Podfile.lock. Run 'pod install' or update your CocoaPods installation.\" >&2\n    exit 1\nfi\n# This output is used by Xcode 'outputs' to avoid re-running this script phase.\necho \"SUCCESS\" > \"${SCRIPT_OUTPUT_FILE_0}\"\n";
			showEnvVarsInLog = 0;
		};
		98A5F2233CB123757992C8D7 /* [CP] Embed Pods Frameworks */ = {
			isa = PBXShellScriptBuildPhase;
			buildActionMask = 2147483647;
			files = (
			);
			inputPaths = (
				"${SRCROOT}/Pods/Target Support Files/Pods-Albatross/Pods-Albatross-frameworks.sh",
				"${BUILT_PRODUCTS_DIR}/Alamofire/Alamofire.framework",
				"${BUILT_PRODUCTS_DIR}/RxCocoa/RxCocoa.framework",
				"${BUILT_PRODUCTS_DIR}/RxSwift/RxSwift.framework",
			);
			name = "[CP] Embed Pods Frameworks";
			outputPaths = (
				"${TARGET_BUILD_DIR}/${FRAMEWORKS_FOLDER_PATH}/Alamofire.framework",
				"${TARGET_BUILD_DIR}/${FRAMEWORKS_FOLDER_PATH}/RxCocoa.framework",
				"${TARGET_BUILD_DIR}/${FRAMEWORKS_FOLDER_PATH}/RxSwift.framework",
			);
			runOnlyForDeploymentPostprocessing = 0;
			shellPath = /bin/sh;
			shellScript = "\"${SRCROOT}/Pods/Target Support Files/Pods-Albatross/Pods-Albatross-frameworks.sh\"\n";
			showEnvVarsInLog = 0;
		};
		D0A0F7A3ACD86B8421F3EA22 /* [CP] Check Pods Manifest.lock */ = {
			isa = PBXShellScriptBuildPhase;
			buildActionMask = 2147483647;
			files = (
			);
			inputPaths = (
				"${PODS_PODFILE_DIR_PATH}/Podfile.lock",
				"${PODS_ROOT}/Manifest.lock",
			);
			name = "[CP] Check Pods Manifest.lock";
			outputPaths = (
				"$(DERIVED_FILE_DIR)/Pods-Albatross-checkManifestLockResult.txt",
			);
			runOnlyForDeploymentPostprocessing = 0;
			shellPath = /bin/sh;
			shellScript = "diff \"${PODS_PODFILE_DIR_PATH}/Podfile.lock\" \"${PODS_ROOT}/Manifest.lock\" > /dev/null\nif [ $? != 0 ] ; then\n    # print error to STDERR\n    echo \"error: The sandbox is not in sync with the Podfile.lock. Run 'pod install' or update your CocoaPods installation.\" >&2\n    exit 1\nfi\n# This output is used by Xcode 'outputs' to avoid re-running this script phase.\necho \"SUCCESS\" > \"${SCRIPT_OUTPUT_FILE_0}\"\n";
			showEnvVarsInLog = 0;
		};
		E4C593CDD6AB6323DDD5D341 /* [CP] Check Pods Manifest.lock */ = {
			isa = PBXShellScriptBuildPhase;
			buildActionMask = 2147483647;
			files = (
			);
			inputPaths = (
				"${PODS_PODFILE_DIR_PATH}/Podfile.lock",
				"${PODS_ROOT}/Manifest.lock",
			);
			name = "[CP] Check Pods Manifest.lock";
			outputPaths = (
				"$(DERIVED_FILE_DIR)/Pods-AlbatrossUITests-checkManifestLockResult.txt",
			);
			runOnlyForDeploymentPostprocessing = 0;
			shellPath = /bin/sh;
			shellScript = "diff \"${PODS_PODFILE_DIR_PATH}/Podfile.lock\" \"${PODS_ROOT}/Manifest.lock\" > /dev/null\nif [ $? != 0 ] ; then\n    # print error to STDERR\n    echo \"error: The sandbox is not in sync with the Podfile.lock. Run 'pod install' or update your CocoaPods installation.\" >&2\n    exit 1\nfi\n# This output is used by Xcode 'outputs' to avoid re-running this script phase.\necho \"SUCCESS\" > \"${SCRIPT_OUTPUT_FILE_0}\"\n";
			showEnvVarsInLog = 0;
		};
/* End PBXShellScriptBuildPhase section */

/* Begin PBXSourcesBuildPhase section */
		6570624F207046FB005DA950 /* Sources */ = {
			isa = PBXSourcesBuildPhase;
			buildActionMask = 2147483647;
			files = (
				6570625F207046FB005DA950 /* Albatross.xcdatamodeld in Sources */,
				65398C11207D3A2700CAA83F /* Secrets.swift in Sources */,
				65398C14207D579600CAA83F /* ABGoogleVision.swift in Sources */,
				65706259207046FB005DA950 /* ABCameraViewController.swift in Sources */,
				65144231207AF9910044A55C /* UIImage+AB.swift in Sources */,
				65706257207046FB005DA950 /* AppDelegate.swift in Sources */,
				6514422C2077E2EF0044A55C /* ABImageProcessor.swift in Sources */,
				65144233207BD5FF0044A55C /* ABRootNavigationController.swift in Sources */,
				6514422E2077EA9F0044A55C /* ABImageCaptureViewController.swift in Sources */,
				65144238207BD9E00044A55C /* Albatross.swift in Sources */,
				65144235207BD6950044A55C /* UIViewController+AB.swift in Sources */,
			);
			runOnlyForDeploymentPostprocessing = 0;
		};
		65706266207046FB005DA950 /* Sources */ = {
			isa = PBXSourcesBuildPhase;
			buildActionMask = 2147483647;
			files = (
				6570626F207046FB005DA950 /* AlbatrossTests.swift in Sources */,
			);
			runOnlyForDeploymentPostprocessing = 0;
		};
		65706271207046FC005DA950 /* Sources */ = {
			isa = PBXSourcesBuildPhase;
			buildActionMask = 2147483647;
			files = (
				6570627A207046FC005DA950 /* AlbatrossUITests.swift in Sources */,
			);
			runOnlyForDeploymentPostprocessing = 0;
		};
/* End PBXSourcesBuildPhase section */

/* Begin PBXTargetDependency section */
		6570626C207046FB005DA950 /* PBXTargetDependency */ = {
			isa = PBXTargetDependency;
			target = 65706252207046FB005DA950 /* Albatross */;
			targetProxy = 6570626B207046FB005DA950 /* PBXContainerItemProxy */;
		};
		65706277207046FC005DA950 /* PBXTargetDependency */ = {
			isa = PBXTargetDependency;
			target = 65706252207046FB005DA950 /* Albatross */;
			targetProxy = 65706276207046FC005DA950 /* PBXContainerItemProxy */;
		};
/* End PBXTargetDependency section */

/* Begin PBXVariantGroup section */
		6570625A207046FB005DA950 /* Main.storyboard */ = {
			isa = PBXVariantGroup;
			children = (
				6570625B207046FB005DA950 /* Base */,
			);
			name = Main.storyboard;
			sourceTree = "<group>";
		};
		65706262207046FB005DA950 /* LaunchScreen.storyboard */ = {
			isa = PBXVariantGroup;
			children = (
				65706263207046FB005DA950 /* Base */,
			);
			name = LaunchScreen.storyboard;
			sourceTree = "<group>";
		};
/* End PBXVariantGroup section */

/* Begin XCBuildConfiguration section */
		6570627C207046FC005DA950 /* Debug */ = {
			isa = XCBuildConfiguration;
			buildSettings = {
				ALWAYS_SEARCH_USER_PATHS = NO;
				CLANG_ANALYZER_NONNULL = YES;
				CLANG_ANALYZER_NUMBER_OBJECT_CONVERSION = YES_AGGRESSIVE;
				CLANG_CXX_LANGUAGE_STANDARD = "gnu++14";
				CLANG_CXX_LIBRARY = "libc++";
				CLANG_ENABLE_MODULES = YES;
				CLANG_ENABLE_OBJC_ARC = YES;
				CLANG_WARN_BLOCK_CAPTURE_AUTORELEASING = YES;
				CLANG_WARN_BOOL_CONVERSION = YES;
				CLANG_WARN_COMMA = YES;
				CLANG_WARN_CONSTANT_CONVERSION = YES;
				CLANG_WARN_DEPRECATED_OBJC_IMPLEMENTATIONS = YES;
				CLANG_WARN_DIRECT_OBJC_ISA_USAGE = YES_ERROR;
				CLANG_WARN_DOCUMENTATION_COMMENTS = YES;
				CLANG_WARN_EMPTY_BODY = YES;
				CLANG_WARN_ENUM_CONVERSION = YES;
				CLANG_WARN_INFINITE_RECURSION = YES;
				CLANG_WARN_INT_CONVERSION = YES;
				CLANG_WARN_NON_LITERAL_NULL_CONVERSION = YES;
				CLANG_WARN_OBJC_IMPLICIT_RETAIN_SELF = YES;
				CLANG_WARN_OBJC_LITERAL_CONVERSION = YES;
				CLANG_WARN_OBJC_ROOT_CLASS = YES_ERROR;
				CLANG_WARN_RANGE_LOOP_ANALYSIS = YES;
				CLANG_WARN_STRICT_PROTOTYPES = YES;
				CLANG_WARN_SUSPICIOUS_MOVE = YES;
				CLANG_WARN_UNGUARDED_AVAILABILITY = YES_AGGRESSIVE;
				CLANG_WARN_UNREACHABLE_CODE = YES;
				CLANG_WARN__DUPLICATE_METHOD_MATCH = YES;
				CODE_SIGN_IDENTITY = "iPhone Developer";
				COPY_PHASE_STRIP = NO;
				DEBUG_INFORMATION_FORMAT = dwarf;
				ENABLE_STRICT_OBJC_MSGSEND = YES;
				ENABLE_TESTABILITY = YES;
				GCC_C_LANGUAGE_STANDARD = gnu11;
				GCC_DYNAMIC_NO_PIC = NO;
				GCC_NO_COMMON_BLOCKS = YES;
				GCC_OPTIMIZATION_LEVEL = 0;
				GCC_PREPROCESSOR_DEFINITIONS = (
					"DEBUG=1",
					"$(inherited)",
				);
				GCC_WARN_64_TO_32_BIT_CONVERSION = YES;
				GCC_WARN_ABOUT_RETURN_TYPE = YES_ERROR;
				GCC_WARN_UNDECLARED_SELECTOR = YES;
				GCC_WARN_UNINITIALIZED_AUTOS = YES_AGGRESSIVE;
				GCC_WARN_UNUSED_FUNCTION = YES;
				GCC_WARN_UNUSED_VARIABLE = YES;
				IPHONEOS_DEPLOYMENT_TARGET = 11.0;
				MTL_ENABLE_DEBUG_INFO = YES;
				ONLY_ACTIVE_ARCH = YES;
				SDKROOT = iphoneos;
				SWIFT_ACTIVE_COMPILATION_CONDITIONS = DEBUG;
				SWIFT_OPTIMIZATION_LEVEL = "-Onone";
			};
			name = Debug;
		};
		6570627D207046FC005DA950 /* Release */ = {
			isa = XCBuildConfiguration;
			buildSettings = {
				ALWAYS_SEARCH_USER_PATHS = NO;
				CLANG_ANALYZER_NONNULL = YES;
				CLANG_ANALYZER_NUMBER_OBJECT_CONVERSION = YES_AGGRESSIVE;
				CLANG_CXX_LANGUAGE_STANDARD = "gnu++14";
				CLANG_CXX_LIBRARY = "libc++";
				CLANG_ENABLE_MODULES = YES;
				CLANG_ENABLE_OBJC_ARC = YES;
				CLANG_WARN_BLOCK_CAPTURE_AUTORELEASING = YES;
				CLANG_WARN_BOOL_CONVERSION = YES;
				CLANG_WARN_COMMA = YES;
				CLANG_WARN_CONSTANT_CONVERSION = YES;
				CLANG_WARN_DEPRECATED_OBJC_IMPLEMENTATIONS = YES;
				CLANG_WARN_DIRECT_OBJC_ISA_USAGE = YES_ERROR;
				CLANG_WARN_DOCUMENTATION_COMMENTS = YES;
				CLANG_WARN_EMPTY_BODY = YES;
				CLANG_WARN_ENUM_CONVERSION = YES;
				CLANG_WARN_INFINITE_RECURSION = YES;
				CLANG_WARN_INT_CONVERSION = YES;
				CLANG_WARN_NON_LITERAL_NULL_CONVERSION = YES;
				CLANG_WARN_OBJC_IMPLICIT_RETAIN_SELF = YES;
				CLANG_WARN_OBJC_LITERAL_CONVERSION = YES;
				CLANG_WARN_OBJC_ROOT_CLASS = YES_ERROR;
				CLANG_WARN_RANGE_LOOP_ANALYSIS = YES;
				CLANG_WARN_STRICT_PROTOTYPES = YES;
				CLANG_WARN_SUSPICIOUS_MOVE = YES;
				CLANG_WARN_UNGUARDED_AVAILABILITY = YES_AGGRESSIVE;
				CLANG_WARN_UNREACHABLE_CODE = YES;
				CLANG_WARN__DUPLICATE_METHOD_MATCH = YES;
				CODE_SIGN_IDENTITY = "iPhone Developer";
				COPY_PHASE_STRIP = NO;
				DEBUG_INFORMATION_FORMAT = "dwarf-with-dsym";
				ENABLE_NS_ASSERTIONS = NO;
				ENABLE_STRICT_OBJC_MSGSEND = YES;
				GCC_C_LANGUAGE_STANDARD = gnu11;
				GCC_NO_COMMON_BLOCKS = YES;
				GCC_WARN_64_TO_32_BIT_CONVERSION = YES;
				GCC_WARN_ABOUT_RETURN_TYPE = YES_ERROR;
				GCC_WARN_UNDECLARED_SELECTOR = YES;
				GCC_WARN_UNINITIALIZED_AUTOS = YES_AGGRESSIVE;
				GCC_WARN_UNUSED_FUNCTION = YES;
				GCC_WARN_UNUSED_VARIABLE = YES;
				IPHONEOS_DEPLOYMENT_TARGET = 11.0;
				MTL_ENABLE_DEBUG_INFO = NO;
				SDKROOT = iphoneos;
				SWIFT_OPTIMIZATION_LEVEL = "-Owholemodule";
				VALIDATE_PRODUCT = YES;
			};
			name = Release;
		};
		6570627F207046FC005DA950 /* Debug */ = {
			isa = XCBuildConfiguration;
			baseConfigurationReference = 22AC4DCBB707E8D3DEAA1FA0 /* Pods-Albatross.debug.xcconfig */;
			buildSettings = {
				ASSETCATALOG_COMPILER_APPICON_NAME = AppIcon;
				CODE_SIGN_STYLE = Automatic;
				DEVELOPMENT_TEAM = AA375B8UFT;
				INFOPLIST_FILE = Albatross/Resources/Info.plist;
				IPHONEOS_DEPLOYMENT_TARGET = 11.0;
				LD_RUNPATH_SEARCH_PATHS = "$(inherited) @executable_path/Frameworks";
				PRODUCT_BUNDLE_IDENTIFIER = Albatross.Albatross;
				PRODUCT_NAME = "$(TARGET_NAME)";
				SWIFT_VERSION = 4.0;
				TARGETED_DEVICE_FAMILY = "1,2";
			};
			name = Debug;
		};
		65706280207046FC005DA950 /* Release */ = {
			isa = XCBuildConfiguration;
			baseConfigurationReference = DCA00515043BBEEDEBDA649E /* Pods-Albatross.release.xcconfig */;
			buildSettings = {
				ASSETCATALOG_COMPILER_APPICON_NAME = AppIcon;
				CODE_SIGN_STYLE = Automatic;
				DEVELOPMENT_TEAM = AA375B8UFT;
				INFOPLIST_FILE = Albatross/Resources/Info.plist;
				IPHONEOS_DEPLOYMENT_TARGET = 11.0;
				LD_RUNPATH_SEARCH_PATHS = "$(inherited) @executable_path/Frameworks";
				PRODUCT_BUNDLE_IDENTIFIER = Albatross.Albatross;
				PRODUCT_NAME = "$(TARGET_NAME)";
				SWIFT_VERSION = 4.0;
				TARGETED_DEVICE_FAMILY = "1,2";
			};
			name = Release;
		};
		65706282207046FC005DA950 /* Debug */ = {
			isa = XCBuildConfiguration;
			baseConfigurationReference = E275AFDA402C491C9CCD9A84 /* Pods-AlbatrossTests.debug.xcconfig */;
			buildSettings = {
				ALWAYS_EMBED_SWIFT_STANDARD_LIBRARIES = YES;
				BUNDLE_LOADER = "$(TEST_HOST)";
				CODE_SIGN_STYLE = Automatic;
				DEVELOPMENT_TEAM = AA375B8UFT;
				INFOPLIST_FILE = AlbatrossTests/Info.plist;
				LD_RUNPATH_SEARCH_PATHS = "$(inherited) @executable_path/Frameworks @loader_path/Frameworks";
				PRODUCT_BUNDLE_IDENTIFIER = Albatross.AlbatrossTests;
				PRODUCT_NAME = "$(TARGET_NAME)";
				SWIFT_VERSION = 4.0;
				TARGETED_DEVICE_FAMILY = "1,2";
				TEST_HOST = "$(BUILT_PRODUCTS_DIR)/Albatross.app/Albatross";
			};
			name = Debug;
		};
		65706283207046FC005DA950 /* Release */ = {
			isa = XCBuildConfiguration;
			baseConfigurationReference = 99EC3C9FD674363CD6D28329 /* Pods-AlbatrossTests.release.xcconfig */;
			buildSettings = {
				ALWAYS_EMBED_SWIFT_STANDARD_LIBRARIES = YES;
				BUNDLE_LOADER = "$(TEST_HOST)";
				CODE_SIGN_STYLE = Automatic;
				DEVELOPMENT_TEAM = AA375B8UFT;
				INFOPLIST_FILE = AlbatrossTests/Info.plist;
				LD_RUNPATH_SEARCH_PATHS = "$(inherited) @executable_path/Frameworks @loader_path/Frameworks";
				PRODUCT_BUNDLE_IDENTIFIER = Albatross.AlbatrossTests;
				PRODUCT_NAME = "$(TARGET_NAME)";
				SWIFT_VERSION = 4.0;
				TARGETED_DEVICE_FAMILY = "1,2";
				TEST_HOST = "$(BUILT_PRODUCTS_DIR)/Albatross.app/Albatross";
			};
			name = Release;
		};
		65706285207046FC005DA950 /* Debug */ = {
			isa = XCBuildConfiguration;
			baseConfigurationReference = 8789AE619D9668B4F8C69D8C /* Pods-AlbatrossUITests.debug.xcconfig */;
			buildSettings = {
				ALWAYS_EMBED_SWIFT_STANDARD_LIBRARIES = YES;
				CODE_SIGN_STYLE = Automatic;
				DEVELOPMENT_TEAM = AA375B8UFT;
				INFOPLIST_FILE = AlbatrossUITests/Info.plist;
				LD_RUNPATH_SEARCH_PATHS = "$(inherited) @executable_path/Frameworks @loader_path/Frameworks";
				PRODUCT_BUNDLE_IDENTIFIER = Albatross.AlbatrossUITests;
				PRODUCT_NAME = "$(TARGET_NAME)";
				SWIFT_VERSION = 4.0;
				TARGETED_DEVICE_FAMILY = "1,2";
				TEST_TARGET_NAME = Albatross;
			};
			name = Debug;
		};
		65706286207046FC005DA950 /* Release */ = {
			isa = XCBuildConfiguration;
			baseConfigurationReference = 90C81263FC1EFBB91DCD2C21 /* Pods-AlbatrossUITests.release.xcconfig */;
			buildSettings = {
				ALWAYS_EMBED_SWIFT_STANDARD_LIBRARIES = YES;
				CODE_SIGN_STYLE = Automatic;
				DEVELOPMENT_TEAM = AA375B8UFT;
				INFOPLIST_FILE = AlbatrossUITests/Info.plist;
				LD_RUNPATH_SEARCH_PATHS = "$(inherited) @executable_path/Frameworks @loader_path/Frameworks";
				PRODUCT_BUNDLE_IDENTIFIER = Albatross.AlbatrossUITests;
				PRODUCT_NAME = "$(TARGET_NAME)";
				SWIFT_VERSION = 4.0;
				TARGETED_DEVICE_FAMILY = "1,2";
				TEST_TARGET_NAME = Albatross;
			};
			name = Release;
		};
/* End XCBuildConfiguration section */

/* Begin XCConfigurationList section */
		6570624E207046FB005DA950 /* Build configuration list for PBXProject "Albatross" */ = {
			isa = XCConfigurationList;
			buildConfigurations = (
				6570627C207046FC005DA950 /* Debug */,
				6570627D207046FC005DA950 /* Release */,
			);
			defaultConfigurationIsVisible = 0;
			defaultConfigurationName = Release;
		};
		6570627E207046FC005DA950 /* Build configuration list for PBXNativeTarget "Albatross" */ = {
			isa = XCConfigurationList;
			buildConfigurations = (
				6570627F207046FC005DA950 /* Debug */,
				65706280207046FC005DA950 /* Release */,
			);
			defaultConfigurationIsVisible = 0;
			defaultConfigurationName = Release;
		};
		65706281207046FC005DA950 /* Build configuration list for PBXNativeTarget "AlbatrossTests" */ = {
			isa = XCConfigurationList;
			buildConfigurations = (
				65706282207046FC005DA950 /* Debug */,
				65706283207046FC005DA950 /* Release */,
			);
			defaultConfigurationIsVisible = 0;
			defaultConfigurationName = Release;
		};
		65706284207046FC005DA950 /* Build configuration list for PBXNativeTarget "AlbatrossUITests" */ = {
			isa = XCConfigurationList;
			buildConfigurations = (
				65706285207046FC005DA950 /* Debug */,
				65706286207046FC005DA950 /* Release */,
			);
			defaultConfigurationIsVisible = 0;
			defaultConfigurationName = Release;
		};
/* End XCConfigurationList section */

/* Begin XCVersionGroup section */
		6570625D207046FB005DA950 /* Albatross.xcdatamodeld */ = {
			isa = XCVersionGroup;
			children = (
				6570625E207046FB005DA950 /* Albatross.xcdatamodel */,
			);
			currentVersion = 6570625E207046FB005DA950 /* Albatross.xcdatamodel */;
			path = Albatross.xcdatamodeld;
			sourceTree = "<group>";
			versionGroupType = wrapper.xcdatamodel;
		};
/* End XCVersionGroup section */
	};
	rootObject = 6570624B207046FB005DA950 /* Project object */;
}
